{
  "name": "submitted-tx-hash-tracker",
  "version": "1.0.0",
  "lockfileVersion": 1,
  "requires": true,
  "dependencies": {
    "eth-json-rpc-errors": {
      "version": "1.1.1",
      "resolved": "https://registry.npmjs.org/eth-json-rpc-errors/-/eth-json-rpc-errors-1.1.1.tgz",
      "integrity": "sha512-WT5shJ5KfNqHi9jOZD+ID8I1kuYWNrigtZat7GOQkvwo99f8SzAVaEcWhJUv656WiZOAg3P1RiJQANtUmDmbIg==",
      "requires": {
        "fast-safe-stringify": "^2.0.6"
      }
    },
    "fast-safe-stringify": {
      "version": "2.0.7",
      "resolved": "https://registry.npmjs.org/fast-safe-stringify/-/fast-safe-stringify-2.0.7.tgz",
      "integrity": "sha512-Utm6CdzT+6xsDk2m8S6uL8VHxNwI6Jub+e9NYTcAms28T84pTa25GJQV9j0CY0N1rM8hK4x6grpF2BQf+2qwVA=="
    }
  }
}
