# THIS IS AN AUTOGENERATED FILE. DO NOT EDIT THIS FILE DIRECTLY.
# yarn lockfile v1


eth-json-rpc-errors@^1.1.0:
  version "1.1.1"
  resolved "https://registry.yarnpkg.com/eth-json-rpc-errors/-/eth-json-rpc-errors-1.1.1.tgz#148377ef55155585981c21ff574a8937f9d6991f"
  integrity sha512-WT5shJ5KfNqHi9jOZD+ID8I1kuYWNrigtZat7GOQkvwo99f8SzAVaEcWhJUv656WiZOAg3P1RiJQANtUmDmbIg==
  dependencies:
    fast-safe-stringify "^2.0.6"

fast-safe-stringify@^2.0.6:
  version "2.0.7"
  resolved "https://registry.yarnpkg.com/fast-safe-stringify/-/fast-safe-stringify-2.0.7.tgz#124aa885899261f68aedb42a7c080de9da608743"
  integrity sha512-Utm6CdzT+6xsDk2m8S6uL8VHxNwI6Jub+e9NYTcAms28T84pTa25GJQV9j0CY0N1rM8hK4x6grpF2BQf+2qwVA==
