{
  "name": "hello-plugin",
  "version": "1.0.0",
  "lockfileVersion": 1,
  "requires": true,
  "dependencies": {
    "eth-json-rpc-errors": {
      "version": "1.1.0",
      "resolved": "https://registry.npmjs.org/eth-json-rpc-errors/-/eth-json-rpc-errors-1.1.0.tgz",
      "integrity": "sha512-AAA76BmwwSR5Mws+ivZUYxoDwMygDuMWxSTEmqDXhRPTExSWe5wuJLT/rSfvPSy9+owSudy67JmyRQ02RAOOYQ==",
      "requires": {
        "fast-safe-stringify": "^2.0.6"
      }
    },
    "fast-safe-stringify": {
      "version": "2.0.7",
      "resolved": "https://registry.npmjs.org/fast-safe-stringify/-/fast-safe-stringify-2.0.7.tgz",
      "integrity": "sha512-Utm6CdzT+6xsDk2m8S6uL8VHxNwI6Jub+e9NYTcAms28T84pTa25GJQV9j0CY0N1rM8hK4x6grpF2BQf+2qwVA=="
    }
  }
}
