# THIS IS AN AUTOGENERATED FILE. DO NOT EDIT THIS FILE DIRECTLY.
# yarn lockfile v1


eth-json-rpc-errors@^1.1.0:
  version "1.1.0"
  resolved "https://registry.yarnpkg.com/eth-json-rpc-errors/-/eth-json-rpc-errors-1.1.0.tgz#2a4291fb20c0483c99b53286a814ed14ca4efb2e"
  integrity sha512-AAA76BmwwSR5Mws+ivZUYxoDwMygDuMWxSTEmqDXhRPTExSWe5wuJLT/rSfvPSy9+owSudy67JmyRQ02RAOOYQ==
  dependencies:
    fast-safe-stringify "^2.0.6"

fast-safe-stringify@^2.0.6:
  version "2.0.7"
  resolved "https://registry.yarnpkg.com/fast-safe-stringify/-/fast-safe-stringify-2.0.7.tgz#124aa885899261f68aedb42a7c080de9da608743"
  integrity sha512-Utm6CdzT+6xsDk2m8S6uL8VHxNwI6Jub+e9NYTcAms28T84pTa25GJQV9j0CY0N1rM8hK4x6grpF2BQf+2qwVA==

ipfs-mini@^1.1.5:
  version "1.1.5"
  resolved "https://registry.yarnpkg.com/ipfs-mini/-/ipfs-mini-1.1.5.tgz#1ffd1f0b048814aabbdfa24c77cde255c5b11fc7"
  integrity sha512-BzsoCa3V/gxN2eEHnyqggOdreAwnvbddj4jUvp6Q7jXuzXx9q5XakXe8mG8qV0bn4bMKdH/7BUDbiWBCEMuYBg==
  dependencies:
    xmlhttprequest "^1.8.0"

xmlhttprequest@^1.8.0:
  version "1.8.0"
  resolved "https://registry.yarnpkg.com/xmlhttprequest/-/xmlhttprequest-1.8.0.tgz#67fe075c5c24fef39f9d65f5f7b7fe75171968fc"
  integrity sha1-Z/4HXFwk/vOfnWX197f+dRcZaPw=
