{
  "name": "snap-example",
  "version": "1.0.0",
  "lockfileVersion": 1,
  "requires": true,
  "dependencies": {
    "3id-blockchain-utils": {
      "version": "0.3.2",
      "resolved": "https://registry.npmjs.org/3id-blockchain-utils/-/3id-blockchain-utils-0.3.2.tgz",
      "integrity": "sha512-5l8aZspimqrJPwJabcbz0fFsCwG0EO3f0A/peB7LPlwCZR0A6gbrwgKVY3NDXi45aaqJFTZ+1PmgLycB+iA/tQ==",
      "requires": {
        "@ethersproject/contracts": "^5.0.0-beta.140",
        "@ethersproject/providers": "^5.0.0-beta.144",
        "@ethersproject/wallet": "^5.0.0-beta.133"
      }
    },
    "@babel/runtime": {
      "version": "7.8.4",
      "resolved": "https://registry.npmjs.org/@babel/runtime/-/runtime-7.8.4.tgz",
      "integrity": "sha512-neAp3zt80trRVBI1x0azq6c57aNBqYZH8KhMm3TaB7wEI5Q4A2SHfBHE8w9gOhI/lrqxtEbXZgQIrHP+wvSGwQ==",
      "requires": {
        "regenerator-runtime": "^0.13.2"
      }
    },
    "@ethersproject/abi": {
      "version": "5.0.0-beta.145",
      "resolved": "https://registry.npmjs.org/@ethersproject/abi/-/abi-5.0.0-beta.145.tgz",
      "integrity": "sha512-buO1aiUe408qo8guMzwvzezUVKmQyhM21sbNaG8XrktrnxTNLvRghN1NYbtQi8Ov0ZT+P93VPz1whKu1Y2s2Xg==",
      "requires": {
        "@ethersproject/address": ">=5.0.0-beta.128",
        "@ethersproject/bignumber": ">=5.0.0-beta.130",
        "@ethersproject/bytes": ">=5.0.0-beta.129",
        "@ethersproject/constants": ">=5.0.0-beta.128",
        "@ethersproject/hash": ">=5.0.0-beta.128",
        "@ethersproject/keccak256": ">=5.0.0-beta.127",
        "@ethersproject/logger": ">=5.0.0-beta.129",
        "@ethersproject/properties": ">=5.0.0-beta.131",
        "@ethersproject/strings": ">=5.0.0-beta.130"
      }
    },
    "@ethersproject/abstract-provider": {
      "version": "5.0.0-beta.138",
      "resolved": "https://registry.npmjs.org/@ethersproject/abstract-provider/-/abstract-provider-5.0.0-beta.138.tgz",
      "integrity": "sha512-bIEBUMm62TxTF+zHOUHPfMQLf3gvN5cVR1Gyv5/LVuDz3UESgFTBHBpFLHPlW2/RLHDo7K0jx16a38vs6/r2gQ==",
      "requires": {
        "@ethersproject/bignumber": ">=5.0.0-beta.130",
        "@ethersproject/bytes": ">=5.0.0-beta.129",
        "@ethersproject/logger": ">=5.0.0-beta.129",
        "@ethersproject/networks": ">=5.0.0-beta.129",
        "@ethersproject/properties": ">=5.0.0-beta.131",
        "@ethersproject/transactions": ">=5.0.0-beta.128",
        "@ethersproject/web": ">=5.0.0-beta.129"
      }
    },
    "@ethersproject/abstract-signer": {
      "version": "5.0.0-beta.140",
      "resolved": "https://registry.npmjs.org/@ethersproject/abstract-signer/-/abstract-signer-5.0.0-beta.140.tgz",
      "integrity": "sha512-fROSxYPhtXqxK1y6/mJMpCUcjfUzCSuqNfACcPy2pwoOHMz1hsqS7m7HOEXy0HGAsQPw4fVuo4fywfA+Q62kmQ==",
      "requires": {
        "@ethersproject/abstract-provider": ">=5.0.0-beta.131",
        "@ethersproject/bignumber": ">=5.0.0-beta.130",
        "@ethersproject/bytes": ">=5.0.0-beta.129",
        "@ethersproject/logger": ">=5.0.0-beta.129",
        "@ethersproject/properties": ">=5.0.0-beta.131"
      }
    },
    "@ethersproject/address": {
      "version": "5.0.0-beta.134",
      "resolved": "https://registry.npmjs.org/@ethersproject/address/-/address-5.0.0-beta.134.tgz",
      "integrity": "sha512-FHhUVJTUIg2pXvOOhIt8sB1cQbcwrzZKzf9CPV7JM1auli20nGoYhyMFYGK7u++GXzTMJduIkU1OwlIBupewDw==",
      "requires": {
        "@ethersproject/bignumber": ">=5.0.0-beta.130",
        "@ethersproject/bytes": ">=5.0.0-beta.129",
        "@ethersproject/keccak256": ">=5.0.0-beta.127",
        "@ethersproject/logger": ">=5.0.0-beta.129",
        "@ethersproject/rlp": ">=5.0.0-beta.126",
        "bn.js": "^4.4.0"
      }
    },
    "@ethersproject/base64": {
      "version": "5.0.0-beta.131",
      "resolved": "https://registry.npmjs.org/@ethersproject/base64/-/base64-5.0.0-beta.131.tgz",
      "integrity": "sha512-pjgZZyDlGpSBkbuO87hnmVrOa92znIt5EIGBW1Mly5Nby8PU4YVwK3WoRP2vGd7hViNVLPCgfbmhh6LQhWK1sg==",
      "requires": {
        "@ethersproject/bytes": ">=5.0.0-beta.129"
      }
    },
    "@ethersproject/basex": {
      "version": "5.0.0-beta.132",
      "resolved": "https://registry.npmjs.org/@ethersproject/basex/-/basex-5.0.0-beta.132.tgz",
      "integrity": "sha512-BlTGjIW5O03Tl3cVrBWPYnSnhEdz7h3sAely82xDZPutUw9PyPy/PF7IN19iVNgv5ZKQlaDmQZ6M2OGzVOuIPw==",
      "requires": {
        "@ethersproject/bytes": ">=5.0.0-beta.129",
        "@ethersproject/properties": ">=5.0.0-beta.131"
      }
    },
    "@ethersproject/bignumber": {
      "version": "5.0.0-beta.135",
      "resolved": "https://registry.npmjs.org/@ethersproject/bignumber/-/bignumber-5.0.0-beta.135.tgz",
      "integrity": "sha512-7Tw2NgHzK7o+70bwyoaIZCbRycz+saWNU0sLOYnis3qYXwYsdTL+Rm0PMGA2v4jyHJt7BPS2pxGww+akVXbX+w==",
      "requires": {
        "@ethersproject/bytes": ">=5.0.0-beta.129",
        "@ethersproject/logger": ">=5.0.0-beta.129",
        "@ethersproject/properties": ">=5.0.0-beta.131",
        "bn.js": "^4.4.0"
      }
    },
    "@ethersproject/bytes": {
      "version": "5.0.0-beta.136",
      "resolved": "https://registry.npmjs.org/@ethersproject/bytes/-/bytes-5.0.0-beta.136.tgz",
      "integrity": "sha512-yoi5Ul16ScMHVNsf+oCDGaAnj+rtXxITcneXPeDl8h0rk1VNIqb1WKKvooD5WtM0oAglyauuDahHIF+4+5G/Sg==",
      "requires": {
        "@ethersproject/logger": ">=5.0.0-beta.129"
      }
    },
    "@ethersproject/constants": {
      "version": "5.0.0-beta.133",
      "resolved": "https://registry.npmjs.org/@ethersproject/constants/-/constants-5.0.0-beta.133.tgz",
      "integrity": "sha512-VCTpk3AF00mlWQw1vg+fI6qCo0qO5EVWK574t4HNBKW6X748jc9UJPryKUz9JgZ64ZQupyLM92wHilsG/YTpNQ==",
      "requires": {
        "@ethersproject/bignumber": ">=5.0.0-beta.130"
      }
    },
    "@ethersproject/contracts": {
      "version": "5.0.0-beta.143",
      "resolved": "https://registry.npmjs.org/@ethersproject/contracts/-/contracts-5.0.0-beta.143.tgz",
      "integrity": "sha512-xjWNlnbhfAkWxBW1ICi6l/O9iplf6GW8IlN57DddERCuzJnj3t2g3PinVTacH27ySqApnWF2FbFQIf0BRYp5hQ==",
      "requires": {
        "@ethersproject/abi": ">=5.0.0-beta.137",
        "@ethersproject/abstract-provider": ">=5.0.0-beta.131",
        "@ethersproject/abstract-signer": ">=5.0.0-beta.132",
        "@ethersproject/address": ">=5.0.0-beta.128",
        "@ethersproject/bignumber": ">=5.0.0-beta.130",
        "@ethersproject/bytes": ">=5.0.0-beta.129",
        "@ethersproject/constants": ">=5.0.0-beta.128",
        "@ethersproject/logger": ">=5.0.0-beta.129",
        "@ethersproject/properties": ">=5.0.0-beta.131",
        "@ethersproject/transactions": ">=5.0.0-beta.128"
      }
    },
    "@ethersproject/hash": {
      "version": "5.0.0-beta.133",
      "resolved": "https://registry.npmjs.org/@ethersproject/hash/-/hash-5.0.0-beta.133.tgz",
      "integrity": "sha512-tfF11QxFlJCy92rMtUZ0kImchWhlYXkN5Gj5cYfTcCdWEUKwNq1LljDnlrjV2JabO6s5enb8uiUj4RBTo2+Rgw==",
      "requires": {
        "@ethersproject/bytes": ">=5.0.0-beta.129",
        "@ethersproject/keccak256": ">=5.0.0-beta.127",
        "@ethersproject/logger": ">=5.0.0-beta.129",
        "@ethersproject/strings": ">=5.0.0-beta.130"
      }
    },
    "@ethersproject/hdnode": {
      "version": "5.0.0-beta.137",
      "resolved": "https://registry.npmjs.org/@ethersproject/hdnode/-/hdnode-5.0.0-beta.137.tgz",
      "integrity": "sha512-TDe57vm/tndbaSKi/NRgC0uAp4uVr60LurTAw+u6mG5ihZg9mlYgr15GxOXWTRiJfa3V3kQD8VsTpzlNMYHViw==",
      "requires": {
        "@ethersproject/abstract-signer": ">=5.0.0-beta.132",
        "@ethersproject/basex": ">=5.0.0-beta.127",
        "@ethersproject/bignumber": ">=5.0.0-beta.130",
        "@ethersproject/bytes": ">=5.0.0-beta.129",
        "@ethersproject/logger": ">=5.0.0-beta.129",
        "@ethersproject/pbkdf2": ">=5.0.0-beta.127",
        "@ethersproject/properties": ">=5.0.0-beta.131",
        "@ethersproject/sha2": ">=5.0.0-beta.129",
        "@ethersproject/signing-key": ">=5.0.0-beta.129",
        "@ethersproject/strings": ">=5.0.0-beta.130",
        "@ethersproject/transactions": ">=5.0.0-beta.128",
        "@ethersproject/wordlists": ">=5.0.0-beta.128"
      }
    },
    "@ethersproject/json-wallets": {
      "version": "5.0.0-beta.136",
      "resolved": "https://registry.npmjs.org/@ethersproject/json-wallets/-/json-wallets-5.0.0-beta.136.tgz",
      "integrity": "sha512-hO10rNY+m39lTjP6TWb91+rGx1flsde/LP5Ajx/mXeBwx2pLm8dWAv7h7XdymCeUvFgwVdDx2jAskm+9u1AN1Q==",
      "requires": {
        "@ethersproject/abstract-signer": ">=5.0.0-beta.132",
        "@ethersproject/address": ">=5.0.0-beta.128",
        "@ethersproject/bytes": ">=5.0.0-beta.129",
        "@ethersproject/hdnode": ">=5.0.0-beta.130",
        "@ethersproject/keccak256": ">=5.0.0-beta.127",
        "@ethersproject/logger": ">=5.0.0-beta.129",
        "@ethersproject/pbkdf2": ">=5.0.0-beta.127",
        "@ethersproject/properties": ">=5.0.0-beta.131",
        "@ethersproject/random": ">=5.0.0-beta.128",
        "@ethersproject/strings": ">=5.0.0-beta.130",
        "@ethersproject/transactions": ">=5.0.0-beta.128",
        "aes-js": "3.0.0",
        "scrypt-js": "3.0.0",
        "uuid": "2.0.1"
      }
    },
    "@ethersproject/keccak256": {
      "version": "5.0.0-beta.131",
      "resolved": "https://registry.npmjs.org/@ethersproject/keccak256/-/keccak256-5.0.0-beta.131.tgz",
      "integrity": "sha512-KQnqMwGV0IMOjAr/UTFO8DuLrmN1uaMvcV3zh9hiXhh3rCuY+WXdeUh49w1VQ94kBKmaP0qfGb7z4SdhUWUHjw==",
      "requires": {
        "@ethersproject/bytes": ">=5.0.0-beta.129",
        "js-sha3": "0.5.7"
      }
    },
    "@ethersproject/logger": {
      "version": "5.0.0-beta.134",
      "resolved": "https://registry.npmjs.org/@ethersproject/logger/-/logger-5.0.0-beta.134.tgz",
      "integrity": "sha512-0nqZqf12/dCNfUhmpSvJweW6xQk9ixqgo/Fy3bVMbGKbuzezZtKPphGB5ibspvimWrVK7U6jLBTKHgRQKjU8Lg=="
    },
    "@ethersproject/networks": {
      "version": "5.0.0-beta.135",
      "resolved": "https://registry.npmjs.org/@ethersproject/networks/-/networks-5.0.0-beta.135.tgz",
      "integrity": "sha512-9wesbAlsewNe0dU8B/lhK449GZml+08Opjf6nFpcV8BwWlYnPLs7EnOsK3GpMM0KDPZlksVYltyq+X1B7YxOcA==",
      "requires": {
        "@ethersproject/logger": ">=5.0.0-beta.129"
      }
    },
    "@ethersproject/pbkdf2": {
      "version": "5.0.0-beta.133",
      "resolved": "https://registry.npmjs.org/@ethersproject/pbkdf2/-/pbkdf2-5.0.0-beta.133.tgz",
      "integrity": "sha512-dOOiJSuPyQWoTexbXugVQY75vZbsediR+d1UhEfnPkKavAuks/o5mRyKYSO/EXY0qwWH01xCUEjg0RWGm93kCQ==",
      "requires": {
        "@ethersproject/bytes": ">=5.0.0-beta.129",
        "@ethersproject/sha2": ">=5.0.0-beta.129"
      }
    },
    "@ethersproject/properties": {
      "version": "5.0.0-beta.137",
      "resolved": "https://registry.npmjs.org/@ethersproject/properties/-/properties-5.0.0-beta.137.tgz",
      "integrity": "sha512-AcvoVmV0aXixa7SxaPj237OAIEXl/UMJf4vl2yFNzWjf77mMyZaZoKLLOh2zes++mLeQ3EJEIebSWFm06L5NuA==",
      "requires": {
        "@ethersproject/logger": ">=5.0.0-beta.129"
      }
    },
    "@ethersproject/providers": {
      "version": "5.0.0-beta.153",
      "resolved": "https://registry.npmjs.org/@ethersproject/providers/-/providers-5.0.0-beta.153.tgz",
      "integrity": "sha512-FJ/dNM5fj25m1XAEJzdC1B6GM9On3eRn/Vls6cUcSBWTOfKsTRf0uRSkBq1kNbPdx3lF0zQT4xIVmCCklA+DaQ==",
      "requires": {
        "@ethersproject/abstract-provider": ">=5.0.0-beta.131",
        "@ethersproject/abstract-signer": ">=5.0.0-beta.132",
        "@ethersproject/address": ">=5.0.0-beta.128",
        "@ethersproject/bignumber": ">=5.0.0-beta.130",
        "@ethersproject/bytes": ">=5.0.0-beta.129",
        "@ethersproject/constants": ">=5.0.0-beta.128",
        "@ethersproject/hash": ">=5.0.0-beta.128",
        "@ethersproject/logger": ">=5.0.0-beta.129",
        "@ethersproject/networks": ">=5.0.0-beta.129",
        "@ethersproject/properties": ">=5.0.0-beta.131",
        "@ethersproject/random": ">=5.0.0-beta.128",
        "@ethersproject/rlp": ">=5.0.0-beta.126",
        "@ethersproject/strings": ">=5.0.0-beta.130",
        "@ethersproject/transactions": ">=5.0.0-beta.128",
        "@ethersproject/web": ">=5.0.0-beta.129"
      }
    },
    "@ethersproject/random": {
      "version": "5.0.0-beta.133",
      "resolved": "https://registry.npmjs.org/@ethersproject/random/-/random-5.0.0-beta.133.tgz",
      "integrity": "sha512-walmaJK9MWy02I0SAHmv5Dg8His0Vn4x/ehqlu081z5gpm0WRo9H+3tlhaHQzAI0aK6B3mRV0bsG+PvWRh41Jg==",
      "requires": {
        "@ethersproject/bytes": ">=5.0.0-beta.129",
        "@ethersproject/logger": ">=5.0.0-beta.129"
      }
    },
    "@ethersproject/rlp": {
      "version": "5.0.0-beta.131",
      "resolved": "https://registry.npmjs.org/@ethersproject/rlp/-/rlp-5.0.0-beta.131.tgz",
      "integrity": "sha512-sUJUGbywlnuk2frkSWzWiGenTrwOnrKQaNKJqjCGmK35x0WIzcR4/1gC6jWa0hpWJT6Seq6J6SCT5CS+ZWCFNw==",
      "requires": {
        "@ethersproject/bytes": ">=5.0.0-beta.129"
      }
    },
    "@ethersproject/sha2": {
      "version": "5.0.0-beta.134",
      "resolved": "https://registry.npmjs.org/@ethersproject/sha2/-/sha2-5.0.0-beta.134.tgz",
      "integrity": "sha512-N/4c+erhRzfGSgOa8vSDUsorL/k/3NNubR5mwrthufMyvmfAsZDizkMPnRqC4HLy39jSmD35c8FFAEC8ebTd0w==",
      "requires": {
        "@ethersproject/bytes": ">=5.0.0-beta.129",
        "@ethersproject/logger": ">=5.0.0-beta.129",
        "hash.js": "1.1.3"
      },
      "dependencies": {
        "hash.js": {
          "version": "1.1.3",
          "resolved": "https://registry.npmjs.org/hash.js/-/hash.js-1.1.3.tgz",
          "integrity": "sha512-/UETyP0W22QILqS+6HowevwhEFJ3MBJnwTf75Qob9Wz9t0DPuisL8kW8YZMK62dHAKE1c1p+gY1TtOLY+USEHA==",
          "requires": {
            "inherits": "^2.0.3",
            "minimalistic-assert": "^1.0.0"
          }
        }
      }
    },
    "@ethersproject/signing-key": {
      "version": "5.0.0-beta.135",
      "resolved": "https://registry.npmjs.org/@ethersproject/signing-key/-/signing-key-5.0.0-beta.135.tgz",
      "integrity": "sha512-D4w5svi8F8eYs+LTuroKzOR8le6ZKtmH/mDmtuz15vz3XdOkLPGVne5mqqqLJd8APBnOEDtsAqmg7ZCrAk8Mag==",
      "requires": {
        "@ethersproject/bytes": ">=5.0.0-beta.129",
        "@ethersproject/logger": ">=5.0.0-beta.129",
        "@ethersproject/properties": ">=5.0.0-beta.131",
        "elliptic": "6.5.2"
      }
    },
    "@ethersproject/strings": {
      "version": "5.0.0-beta.136",
      "resolved": "https://registry.npmjs.org/@ethersproject/strings/-/strings-5.0.0-beta.136.tgz",
      "integrity": "sha512-Hb9RvTrgGcOavHvtQZz+AuijB79BO3g1cfF2MeMfCU9ID4j3mbZv/olzDMS2pK9r4aERJpAS94AmlWzCgoY2LQ==",
      "requires": {
        "@ethersproject/bytes": ">=5.0.0-beta.129",
        "@ethersproject/constants": ">=5.0.0-beta.128",
        "@ethersproject/logger": ">=5.0.0-beta.129"
      }
    },
    "@ethersproject/transactions": {
      "version": "5.0.0-beta.134",
      "resolved": "https://registry.npmjs.org/@ethersproject/transactions/-/transactions-5.0.0-beta.134.tgz",
      "integrity": "sha512-06VxNv6UHds153Ey3WJ2YDPReNkwmIm8fyuJOXRZ6IoYh5ns5CfR4fkmHSBtw7+/KIVjmRoMQZ4Yg/tcGmzz0A==",
      "requires": {
        "@ethersproject/address": ">=5.0.0-beta.128",
        "@ethersproject/bignumber": ">=5.0.0-beta.130",
        "@ethersproject/bytes": ">=5.0.0-beta.129",
        "@ethersproject/constants": ">=5.0.0-beta.128",
        "@ethersproject/keccak256": ">=5.0.0-beta.127",
        "@ethersproject/logger": ">=5.0.0-beta.129",
        "@ethersproject/properties": ">=5.0.0-beta.131",
        "@ethersproject/rlp": ">=5.0.0-beta.126",
        "@ethersproject/signing-key": ">=5.0.0-beta.129"
      }
    },
    "@ethersproject/wallet": {
      "version": "5.0.0-beta.137",
      "resolved": "https://registry.npmjs.org/@ethersproject/wallet/-/wallet-5.0.0-beta.137.tgz",
      "integrity": "sha512-L5Ms3Rdq5LYpTHXRqZ17rdIKlbVlRUbncHtp1bMa+W7VGZJoQEWSLXtqN+q0u6Lx+w2Cg1sHvXqL+i66TRhDkw==",
      "requires": {
        "@ethersproject/abstract-provider": ">=5.0.0-beta.131",
        "@ethersproject/abstract-signer": ">=5.0.0-beta.132",
        "@ethersproject/address": ">=5.0.0-beta.128",
        "@ethersproject/bignumber": ">=5.0.0-beta.130",
        "@ethersproject/bytes": ">=5.0.0-beta.129",
        "@ethersproject/hash": ">=5.0.0-beta.128",
        "@ethersproject/hdnode": ">=5.0.0-beta.130",
        "@ethersproject/json-wallets": ">=5.0.0-beta.129",
        "@ethersproject/keccak256": ">=5.0.0-beta.127",
        "@ethersproject/logger": ">=5.0.0-beta.129",
        "@ethersproject/properties": ">=5.0.0-beta.131",
        "@ethersproject/random": ">=5.0.0-beta.128",
        "@ethersproject/signing-key": ">=5.0.0-beta.129",
        "@ethersproject/transactions": ">=5.0.0-beta.128",
        "@ethersproject/wordlists": ">=5.0.0-beta.128"
      }
    },
    "@ethersproject/web": {
      "version": "5.0.0-beta.135",
      "resolved": "https://registry.npmjs.org/@ethersproject/web/-/web-5.0.0-beta.135.tgz",
      "integrity": "sha512-5g0jGtQvLeU/O0KTlp9cqm5PpuDUZzopJaO8LxZpFW9t+5uVuBcJe8uoA8z+OsAnsRKPc6bGBc9esrWEW0hKLw==",
      "requires": {
        "@ethersproject/base64": ">=5.0.0-beta.126",
        "@ethersproject/logger": ">=5.0.0-beta.129",
        "@ethersproject/properties": ">=5.0.0-beta.131",
        "@ethersproject/strings": ">=5.0.0-beta.130",
        "cross-fetch": "3.0.4"
      }
    },
    "@ethersproject/wordlists": {
      "version": "5.0.0-beta.135",
      "resolved": "https://registry.npmjs.org/@ethersproject/wordlists/-/wordlists-5.0.0-beta.135.tgz",
      "integrity": "sha512-hGwIme0in4cJrhdumTJVc1OLEa7S/oxALMOION4C+31yKFdWfX00dOXi6aqokWkGaUQXvmHz4r9/GhfqzoB2Qg==",
      "requires": {
        "@ethersproject/bytes": ">=5.0.0-beta.129",
        "@ethersproject/hash": ">=5.0.0-beta.128",
        "@ethersproject/logger": ">=5.0.0-beta.129",
        "@ethersproject/properties": ">=5.0.0-beta.131",
        "@ethersproject/strings": ">=5.0.0-beta.130"
      }
    },
    "aes-js": {
      "version": "3.0.0",
      "resolved": "https://registry.npmjs.org/aes-js/-/aes-js-3.0.0.tgz",
      "integrity": "sha1-4h3xCtbCBTKVvLuNq0Cwnb6ofk0="
    },
    "base-x": {
      "version": "3.0.4",
      "resolved": "https://registry.npmjs.org/base-x/-/base-x-3.0.4.tgz",
      "integrity": "sha512-UYOadoSIkEI/VrRGSG6qp93rp2WdokiAiNYDfGW5qURAY8GiAQkvMbwNNSDYiVJopqv4gCna7xqf4rrNGp+5AA==",
      "requires": {
        "safe-buffer": "^5.0.1"
      }
    },
    "base64-js": {
      "version": "1.3.1",
      "resolved": "https://registry.npmjs.org/base64-js/-/base64-js-1.3.1.tgz",
      "integrity": "sha512-mLQ4i2QO1ytvGWFWmcngKO//JXAQueZvwEKtjgQFM4jIK0kU+ytMfplL8j+n5mspOfjHwoAg+9yhb7BwAHm36g=="
    },
    "base64url": {
      "version": "3.0.1",
      "resolved": "https://registry.npmjs.org/base64url/-/base64url-3.0.1.tgz",
      "integrity": "sha512-ir1UPr3dkwexU7FdV8qBBbNDRUhMmIekYMFZfi+C/sLNnRESKPl23nB9b2pltqfOQNnGzsDdId90AEtG5tCx4A=="
    },
    "bignumber.js": {
      "version": "9.0.0",
      "resolved": "https://registry.npmjs.org/bignumber.js/-/bignumber.js-9.0.0.tgz",
      "integrity": "sha512-t/OYhhJ2SD+YGBQcjY8GzzDHEk9f3nerxjtfa6tlMXfe7frs/WozhvCNoGvpM0P3bNf3Gq5ZRMlGr5f3r4/N8A=="
    },
    "blakejs": {
      "version": "1.1.0",
      "resolved": "https://registry.npmjs.org/blakejs/-/blakejs-1.1.0.tgz",
      "integrity": "sha1-ad+S75U6qIylGjLfarHFShVfx6U="
    },
    "bn.js": {
      "version": "4.11.8",
      "resolved": "https://registry.npmjs.org/bn.js/-/bn.js-4.11.8.tgz",
      "integrity": "sha512-ItfYfPLkWHUjckQCk8xC+LwxgK8NYcXywGigJgSwOP8Y2iyWT4f2vsZnoOXTTbo+o5yXmIUJ4gn5538SO5S3gA=="
    },
    "borc": {
      "version": "2.1.1",
      "resolved": "https://registry.npmjs.org/borc/-/borc-2.1.1.tgz",
      "integrity": "sha512-vPLLC2/gS0QN4O3cnPh+8jLshkMMD4qIfs+B1TPGPh30WrtcfItaO6j4k9alsqu/hIgKi8dVdmMvTcbq4tIF7A==",
      "requires": {
        "bignumber.js": "^9.0.0",
        "commander": "^2.15.0",
        "ieee754": "^1.1.8",
        "iso-url": "~0.4.4",
        "json-text-sequence": "~0.1.0"
      }
    },
    "brorand": {
      "version": "1.1.0",
      "resolved": "https://registry.npmjs.org/brorand/-/brorand-1.1.0.tgz",
      "integrity": "sha1-EsJe/kCkXjwyPrhnWgoM5XsiNx8="
    },
    "bs58": {
      "version": "4.0.1",
      "resolved": "https://registry.npmjs.org/bs58/-/bs58-4.0.1.tgz",
      "integrity": "sha1-vhYedsNU9veIrkBx9j806MTwpCo=",
      "requires": {
        "base-x": "^3.0.2"
      }
    },
    "buffer": {
      "version": "5.4.3",
      "resolved": "https://registry.npmjs.org/buffer/-/buffer-5.4.3.tgz",
      "integrity": "sha512-zvj65TkFeIt3i6aj5bIvJDzjjQQGs4o/sNoezg1F1kYap9Nu2jcUdpwzRSJTHMMzG0H7bZkn4rNQpImhuxWX2A==",
      "requires": {
        "base64-js": "^1.0.2",
        "ieee754": "^1.1.4"
      }
    },
    "cids": {
      "version": "0.7.3",
      "resolved": "https://registry.npmjs.org/cids/-/cids-0.7.3.tgz",
      "integrity": "sha512-V0xa0oFIH1GGsGE4vaTsAgiTkrZw3wUVOTAVN/oZU8ptW6oaz4cOdFbqRv+tbienIZq5bG2ok0CRKfUurUtFnA==",
      "requires": {
        "class-is": "^1.1.0",
        "multibase": "~0.6.0",
        "multicodec": "^1.0.0",
        "multihashes": "~0.4.15"
      }
    },
    "class-is": {
      "version": "1.1.0",
      "resolved": "https://registry.npmjs.org/class-is/-/class-is-1.1.0.tgz",
      "integrity": "sha512-rhjH9AG1fvabIDoGRVH587413LPjTZgmDF9fOFCbFJQV4yuocX1mHxxvXI4g3cGwbVY9wAYIoKlg1N79frJKQw=="
    },
    "commander": {
      "version": "2.20.3",
      "resolved": "https://registry.npmjs.org/commander/-/commander-2.20.3.tgz",
      "integrity": "sha512-GpVkmM8vF2vQUkj2LvZmD35JxeJOLCwJ9cUkugyk2nuhbv3+mJvpLYYt+0+USMxE+oj+ey/lJEnhZw75x/OMcQ=="
    },
    "cross-fetch": {
      "version": "3.0.4",
      "resolved": "https://registry.npmjs.org/cross-fetch/-/cross-fetch-3.0.4.tgz",
      "integrity": "sha512-MSHgpjQqgbT/94D4CyADeNoYh52zMkCX4pcJvPP5WqPsLFMKjr2TCMg381ox5qI0ii2dPwaLx/00477knXqXVw==",
      "requires": {
        "node-fetch": "2.6.0",
        "whatwg-fetch": "3.0.0"
      }
    },
    "delimit-stream": {
      "version": "0.1.0",
      "resolved": "https://registry.npmjs.org/delimit-stream/-/delimit-stream-0.1.0.tgz",
      "integrity": "sha1-m4MZR3wOX4rrPONXrjBfwl6hzSs="
    },
    "did-jwt": {
      "version": "0.1.3",
      "resolved": "https://registry.npmjs.org/did-jwt/-/did-jwt-0.1.3.tgz",
      "integrity": "sha512-hZvjC4bstxo6bqFIOAlX90LdSaA5uxMdg0zSFCPm2WwIhgHFp4SfVM6f5yq1ebA5/cJzcUr+MclnTrlEiixuiQ==",
      "requires": {
        "@babel/runtime": "^7.3.1",
        "base64url": "^3.0.1",
        "buffer": "^5.2.1",
        "did-resolver": "0.0.6",
        "elliptic": "^6.4.0",
        "js-sha256": "^0.9.0",
        "js-sha3": "^0.8.0",
        "tweetnacl": "^1.0.1",
        "tweetnacl-util": "^0.15.0"
      },
      "dependencies": {
        "js-sha3": {
          "version": "0.8.0",
          "resolved": "https://registry.npmjs.org/js-sha3/-/js-sha3-0.8.0.tgz",
          "integrity": "sha512-gF1cRrHhIzNfToc802P800N8PpXS+evLLXfsVpowqmAFR9uwbi89WvXg2QspOmXL8QL86J4T1EpFu+yUkwJY3Q=="
        }
      }
    },
    "did-resolver": {
      "version": "0.0.6",
      "resolved": "https://registry.npmjs.org/did-resolver/-/did-resolver-0.0.6.tgz",
      "integrity": "sha512-PqxzaoomTbJG3IzEouUGgppu3xrsbGKHS75zS3vS/Hfm56XxLpwIe7yFLokgXUbMWmLa0dczFHOibmebO4wRLA=="
    },
    "elliptic": {
      "version": "6.5.2",
      "resolved": "https://registry.npmjs.org/elliptic/-/elliptic-6.5.2.tgz",
      "integrity": "sha512-f4x70okzZbIQl/NSRLkI/+tteV/9WqL98zx+SQ69KbXxmVrmjwsNUPn/gYJJ0sHvEak24cZgHIPegRePAtA/xw==",
      "requires": {
        "bn.js": "^4.4.0",
        "brorand": "^1.0.1",
        "hash.js": "^1.0.0",
        "hmac-drbg": "^1.0.0",
        "inherits": "^2.0.1",
        "minimalistic-assert": "^1.0.0",
        "minimalistic-crypto-utils": "^1.0.0"
      }
    },
    "err-code": {
      "version": "2.0.0",
      "resolved": "https://registry.npmjs.org/err-code/-/err-code-2.0.0.tgz",
      "integrity": "sha512-MsMOijQ4v0xlmrz1fc7lyPEy7jFhoNF7EVaRSP7mPzs20LaFOwG6qNjGRy3Ie85n9DARlcUnB1zbsBv5sJrIvw=="
    },
    "events": {
      "version": "3.1.0",
      "resolved": "https://registry.npmjs.org/events/-/events-3.1.0.tgz",
      "integrity": "sha512-Rv+u8MLHNOdMjTAFeT3nCjHn2aGlx435FP/sDHNaRhDEMwyI/aB22Kj2qIN8R0cw3z28psEQLYwxVKLsKrMgWg=="
    },
    "hash.js": {
      "version": "1.1.7",
      "resolved": "https://registry.npmjs.org/hash.js/-/hash.js-1.1.7.tgz",
      "integrity": "sha512-taOaskGt4z4SOANNseOviYDvjEJinIkRgmp7LbKP2YTTmVxWBl87s/uzK9r+44BclBSp2X7K1hqeNfz9JbBeXA==",
      "requires": {
        "inherits": "^2.0.3",
        "minimalistic-assert": "^1.0.1"
      }
    },
    "hmac-drbg": {
      "version": "1.0.1",
      "resolved": "https://registry.npmjs.org/hmac-drbg/-/hmac-drbg-1.0.1.tgz",
      "integrity": "sha1-0nRXAQJabHdabFRXk+1QL8DGSaE=",
      "requires": {
        "hash.js": "^1.0.3",
        "minimalistic-assert": "^1.0.0",
        "minimalistic-crypto-utils": "^1.0.1"
      }
    },
    "identity-wallet": {
      "version": "1.1.1",
      "resolved": "https://registry.npmjs.org/identity-wallet/-/identity-wallet-1.1.1.tgz",
      "integrity": "sha512-Nta6LK7Z9B9+W9bQVS4Tj+axoAmGuYIPIN6ChW5qWoS+98CYUe1EDcbO5YgjCKpeJSUSKbzfJiVL2N3jdl9QbA==",
      "requires": {
        "3id-blockchain-utils": "^0.3.2",
        "@babel/runtime": "^7.4.5",
        "@ethersproject/hdnode": "^5.0.0-beta.137",
        "@ethersproject/wallet": "^5.0.0-beta.136",
        "did-jwt": "^0.1.3",
        "events": "^3.0.0",
        "ipfs-did-document": "^1.2.3",
        "ipld-dag-cbor": "^0.15.0",
        "js-sha256": "^0.9.0",
        "multihashes": "^0.4.15",
        "store": "^2.0.12",
        "tweetnacl": "^1.0.1",
        "tweetnacl-util": "^0.15.0"
      }
    },
    "ieee754": {
      "version": "1.1.13",
      "resolved": "https://registry.npmjs.org/ieee754/-/ieee754-1.1.13.tgz",
      "integrity": "sha512-4vf7I2LYV/HaWerSo3XmlMkp5eZ83i+/CDluXi/IGTs/O1sejBNhTtnxzmRZfvOUqj7lZjqHkeTvpgSFDlWZTg=="
    },
    "inherits": {
      "version": "2.0.4",
      "resolved": "https://registry.npmjs.org/inherits/-/inherits-2.0.4.tgz",
      "integrity": "sha512-k/vGaX4/Yla3WzyMCvTQOXYeIHvqOKtnqBduzTHpzpQZzAskKMhZ2K+EnBiSM9zGSoIFeMpXKxa4dYeZIQqewQ=="
    },
    "ipfs-did-document": {
      "version": "1.2.3",
      "resolved": "https://registry.npmjs.org/ipfs-did-document/-/ipfs-did-document-1.2.3.tgz",
      "integrity": "sha512-LLcmDbj9m+kBS8srL1Mq3oOgSOuqTe9lyj70DhjQkd+T+4xj1plkiYanbB6w600e/XOHnGxbbOkKYOpRs0vpgw=="
    },
    "ipld-dag-cbor": {
      "version": "0.15.1",
      "resolved": "https://registry.npmjs.org/ipld-dag-cbor/-/ipld-dag-cbor-0.15.1.tgz",
      "integrity": "sha512-V0ZSpC0DvnYSjC4RgyezHMZMx8g/keSi5jikElLbzCXPdRRoOemJoMBUedmIWwQaY+6f2UDbHr2qf9ZmVeL4Mw==",
      "requires": {
        "borc": "^2.1.0",
        "cids": "~0.7.0",
        "is-circular": "^1.0.2",
        "multicodec": "^1.0.0",
        "multihashing-async": "~0.8.0"
      }
    },
    "is-circular": {
      "version": "1.0.2",
      "resolved": "https://registry.npmjs.org/is-circular/-/is-circular-1.0.2.tgz",
      "integrity": "sha512-YttjnrswnUYRVJvxCvu8z+PGMUSzC2JttP0OEXezlAEdp3EXzhf7IZ3j0gRAybJBQupedIZFhY61Tga6E0qASA=="
    },
    "iso-url": {
      "version": "0.4.6",
      "resolved": "https://registry.npmjs.org/iso-url/-/iso-url-0.4.6.tgz",
      "integrity": "sha512-YQO7+aIe6l1aSJUKOx+Vrv08DlhZeLFIVfehG2L29KLSEb9RszqPXilxJRVpp57px36BddKR5ZsebacO5qG0tg=="
    },
    "js-sha256": {
      "version": "0.9.0",
      "resolved": "https://registry.npmjs.org/js-sha256/-/js-sha256-0.9.0.tgz",
      "integrity": "sha512-sga3MHh9sgQN2+pJ9VYZ+1LPwXOxuBJBA5nrR5/ofPfuiJBE2hnjsaN8se8JznOmGLN2p49Pe5U/ttafcs/apA=="
    },
    "js-sha3": {
      "version": "0.5.7",
      "resolved": "https://registry.npmjs.org/js-sha3/-/js-sha3-0.5.7.tgz",
      "integrity": "sha1-DU/9gALVMzqrr0oj7tL2N0yfKOc="
    },
    "json-text-sequence": {
      "version": "0.1.1",
      "resolved": "https://registry.npmjs.org/json-text-sequence/-/json-text-sequence-0.1.1.tgz",
      "integrity": "sha1-py8hfcSvxGKf/1/rME3BvVGi89I=",
      "requires": {
        "delimit-stream": "0.1.0"
      }
    },
    "minimalistic-assert": {
      "version": "1.0.1",
      "resolved": "https://registry.npmjs.org/minimalistic-assert/-/minimalistic-assert-1.0.1.tgz",
      "integrity": "sha512-UtJcAD4yEaGtjPezWuO9wC4nwUnVH/8/Im3yEHQP4b67cXlD/Qr9hdITCU1xDbSEXg2XKNaP8jsReV7vQd00/A=="
    },
    "minimalistic-crypto-utils": {
      "version": "1.0.1",
      "resolved": "https://registry.npmjs.org/minimalistic-crypto-utils/-/minimalistic-crypto-utils-1.0.1.tgz",
      "integrity": "sha1-9sAMHAsIIkblxNmd+4x8CDsrWCo="
    },
    "multibase": {
      "version": "0.6.0",
      "resolved": "https://registry.npmjs.org/multibase/-/multibase-0.6.0.tgz",
      "integrity": "sha512-R9bNLQhbD7MsitPm1NeY7w9sDgu6d7cuj25snAWH7k5PSNPSwIQQBpcpj8jx1W96dLbdigZqmUWOdQRMnAmgjA==",
      "requires": {
        "base-x": "3.0.4"
      }
    },
    "multicodec": {
      "version": "1.0.0",
      "resolved": "https://registry.npmjs.org/multicodec/-/multicodec-1.0.0.tgz",
      "integrity": "sha512-CBiLdYcMnVnkN/2kL4AaUH3betYXQGKV5CCmN2CfgHUt5xROtsj91w780ltX6Wy7frgc6en8md3h2UQl6jDXAg==",
      "requires": {
        "varint": "^5.0.0"
      }
    },
    "multihashes": {
      "version": "0.4.15",
      "resolved": "https://registry.npmjs.org/multihashes/-/multihashes-0.4.15.tgz",
      "integrity": "sha512-G/Smj1GWqw1RQP3dRuRRPe3oyLqvPqUaEDIaoi7JF7Loxl4WAWvhJNk84oyDEodSucv0MmSW/ZT0RKUrsIFD3g==",
      "requires": {
        "bs58": "^4.0.1",
        "varint": "^5.0.0"
      }
    },
    "multihashing-async": {
      "version": "0.8.0",
      "resolved": "https://registry.npmjs.org/multihashing-async/-/multihashing-async-0.8.0.tgz",
      "integrity": "sha512-t0iDSl1kkI65vaKmv9/bBM9/E/ogywB18+A9hI7QzcQjolue1tcaNWKdoFuniF6QQtNOJFplO4nQtLfQeK3lLw==",
      "requires": {
        "blakejs": "^1.1.0",
        "buffer": "^5.4.3",
        "err-code": "^2.0.0",
        "js-sha3": "~0.8.0",
        "multihashes": "~0.4.15",
        "murmurhash3js-revisited": "^3.0.0"
      },
      "dependencies": {
        "js-sha3": {
          "version": "0.8.0",
          "resolved": "https://registry.npmjs.org/js-sha3/-/js-sha3-0.8.0.tgz",
          "integrity": "sha512-gF1cRrHhIzNfToc802P800N8PpXS+evLLXfsVpowqmAFR9uwbi89WvXg2QspOmXL8QL86J4T1EpFu+yUkwJY3Q=="
        }
      }
    },
    "murmurhash3js-revisited": {
      "version": "3.0.0",
      "resolved": "https://registry.npmjs.org/murmurhash3js-revisited/-/murmurhash3js-revisited-3.0.0.tgz",
      "integrity": "sha512-/sF3ee6zvScXMb1XFJ8gDsSnY+X8PbOyjIuBhtgis10W2Jx4ZjIhikUCIF9c4gpJxVnQIsPAFrSwTCuAjicP6g=="
    },
    "node-fetch": {
      "version": "2.6.0",
      "resolved": "https://registry.npmjs.org/node-fetch/-/node-fetch-2.6.0.tgz",
      "integrity": "sha512-8dG4H5ujfvFiqDmVu9fQ5bOHUC15JMjMY/Zumv26oOvvVJjM67KF8koCWIabKQ1GJIa9r2mMZscBq/TbdOcmNA=="
    },
    "regenerator-runtime": {
      "version": "0.13.3",
      "resolved": "https://registry.npmjs.org/regenerator-runtime/-/regenerator-runtime-0.13.3.tgz",
      "integrity": "sha512-naKIZz2GQ8JWh///G7L3X6LaQUAMp2lvb1rvwwsURe/VXwD6VMfr+/1NuNw3ag8v2kY1aQ/go5SNn79O9JU7yw=="
    },
    "safe-buffer": {
      "version": "5.2.0",
      "resolved": "https://registry.npmjs.org/safe-buffer/-/safe-buffer-5.2.0.tgz",
      "integrity": "sha512-fZEwUGbVl7kouZs1jCdMLdt95hdIv0ZeHg6L7qPeciMZhZ+/gdesW4wgTARkrFWEpspjEATAzUGPG8N2jJiwbg=="
    },
    "scrypt-js": {
      "version": "3.0.0",
      "resolved": "https://registry.npmjs.org/scrypt-js/-/scrypt-js-3.0.0.tgz",
      "integrity": "sha512-7CC7aufwukEvqdmllR0ny0QaSg0+S22xKXrXz3ZahaV6J+fgD2YAtrjtImuoDWog17/Ty9Q4HBmnXEXJ3JkfQA=="
    },
    "store": {
      "version": "2.0.12",
      "resolved": "https://registry.npmjs.org/store/-/store-2.0.12.tgz",
      "integrity": "sha1-jFNOKguDH3K3X8XxEZhXxE711ZM="
    },
    "tweetnacl": {
      "version": "1.0.3",
      "resolved": "https://registry.npmjs.org/tweetnacl/-/tweetnacl-1.0.3.tgz",
      "integrity": "sha512-6rt+RN7aOi1nGMyC4Xa5DdYiukl2UWCbcJft7YhxReBGQD7OAM8Pbxw6YMo4r2diNEA8FEmu32YOn9rhaiE5yw=="
    },
    "tweetnacl-util": {
      "version": "0.15.1",
      "resolved": "https://registry.npmjs.org/tweetnacl-util/-/tweetnacl-util-0.15.1.tgz",
      "integrity": "sha512-RKJBIj8lySrShN4w6i/BonWp2Z/uxwC3h4y7xsRrpP59ZboCd0GpEVsOnMDYLMmKBpYhb5TgHzZXy7wTfYFBRw=="
    },
    "uuid": {
      "version": "2.0.1",
      "resolved": "https://registry.npmjs.org/uuid/-/uuid-2.0.1.tgz",
      "integrity": "sha1-wqMN7bPlNdcsz4LjQ5QaULqFM6w="
    },
    "varint": {
      "version": "5.0.0",
      "resolved": "https://registry.npmjs.org/varint/-/varint-5.0.0.tgz",
      "integrity": "sha1-2Ca4n3SQcy+rwMDtaT7Uddyynr8="
    },
    "whatwg-fetch": {
      "version": "3.0.0",
      "resolved": "https://registry.npmjs.org/whatwg-fetch/-/whatwg-fetch-3.0.0.tgz",
      "integrity": "sha512-9GSJUgz1D4MfyKU7KRqwOjXCXTqWdFNvEr7eUBYchQiVc744mqK/MzXPNR2WsPkmkOa4ywfg8C2n8h+13Bey1Q=="
    }
  }
}
